{
  "name": "01_typescript",
  "version": "1.0.0",
  "lockfileVersion": 2,
  "requires": true,
  "packages": {
    "": {
      "name": "01_typescript",
      "version": "1.0.0",
      "license": "ISC",
      "dependencies": {
        "typescript": "^4.7.4"
      },
      "devDependencies": {
        "assert-util-types": "0.0.3"
      }
    },
    "node_modules/assert-util-types": {
      "version": "0.0.3",
      "resolved": "https://registry.npmjs.org/assert-util-types/-/assert-util-types-0.0.3.tgz",
      "integrity": "sha512-z/a7Mtg7P7GSmTRvWlDodUTL/uY/Iqs0i2WSYFTN/xujNq/7YwMPnzsa6EN904FSWK22ggVk+03nLxKmkuzZWQ==",
      "dev": true
    },
    "node_modules/typescript": {
      "version": "4.7.4",
      "resolved": "https://registry.npmjs.org/typescript/-/typescript-4.7.4.tgz",
      "integrity": "sha512-C0WQT0gezHuw6AdY1M2jxUO83Rjf0HP7Sk1DtXj6j1EwkQNZrHAg2XPWlq62oqEhYvONq5pkC2Y9oPljWToLmQ==",
      "bin": {
        "tsc": "bin/tsc",
        "tsserver": "bin/tsserver"
      },
      "engines": {
        "node": ">=4.2.0"
      }
    }
  },
  "dependencies": {
    "assert-util-types": {
      "version": "0.0.3",
      "resolved": "https://registry.npmjs.org/assert-util-types/-/assert-util-types-0.0.3.tgz",
      "integrity": "sha512-z/a7Mtg7P7GSmTRvWlDodUTL/uY/Iqs0i2WSYFTN/xujNq/7YwMPnzsa6EN904FSWK22ggVk+03nLxKmkuzZWQ==",
      "dev": true
    },
    "typescript": {
      "version": "4.7.4",
      "resolved": "https://registry.npmjs.org/typescript/-/typescript-4.7.4.tgz",
      "integrity": "sha512-C0WQT0gezHuw6AdY1M2jxUO83Rjf0HP7Sk1DtXj6j1EwkQNZrHAg2XPWlq62oqEhYvONq5pkC2Y9oPljWToLmQ=="
    }
  }
}
